
Microsoft Visual Studio Solution File, Format Version 12.00
# Visual Studio Version 17
VisualStudioVersion = 17.6.33829.357
MinimumVisualStudioVersion = 10.0.40219.1
Project("{9A19103F-16F7-4668-BE54-9A1E7A4F7556}") = "NeuroAira", "NeuroAira\NeuroAira.csproj", "{5C024F8E-D6ED-442F-9EA5-376319F2A30A}"
EndProject
Global
	GlobalSection(SolutionConfigurationPlatforms) = preSolution
		Debug|Any CPU = Debug|Any CPU
		Release|Any CPU = Release|Any CPU
	EndGlobalSection
	GlobalSection(ProjectConfigurationPlatforms) = postSolution
		{5C024F8E-D6ED-442F-9EA5-376319F2A30A}.Debug|Any CPU.ActiveCfg = Debug|Any CPU
		{5C024F8E-D6ED-442F-9EA5-376319F2A30A}.Debug|Any CPU.Build.0 = Debug|Any CPU
		{5C024F8E-D6ED-442F-9EA5-376319F2A30A}.Release|Any CPU.ActiveCfg = Release|Any CPU
		{5C024F8E-D6ED-442F-9EA5-376319F2A30A}.Release|Any CPU.Build.0 = Release|Any CPU
	EndGlobalSection
	GlobalSection(SolutionProperties) = preSolution
		HideSolutionNode = FALSE
	EndGlobalSection
	GlobalSection(ExtensibilityGlobals) = postSolution
		SolutionGuid = {452F6F76-05B8-4EB0-AD9A-AEE7E0A56162}
	EndGlobalSection
EndGlobal
